
Microsoft Visual Studio Solution File, Format Version 12.00
# Visual Studio Version 17
VisualStudioVersion = 17.11.35327.3
MinimumVisualStudioVersion = 10.0.40219.1
Project("{9A19103F-16F7-4668-BE54-9A1E7A4F7556}") = "Task2", "Task2\Task2.csproj", "{79AB5C3B-0EDB-4283-93CD-D596EF5114C7}"
EndProject
Project("{9A19103F-16F7-4668-BE54-9A1E7A4F7556}") = "Task4", "Task4\Task4.csproj", "{020A87A3-E59A-4F17-87AD-F0082633F9FD}"
EndProject
Project("{9A19103F-16F7-4668-BE54-9A1E7A4F7556}") = "Task3", "Task3\Task3.csproj", "{BFAAC735-6793-4605-8669-2FFBA960C818}"
EndProject
Project("{9A19103F-16F7-4668-BE54-9A1E7A4F7556}") = "Task5", "ConsoleApp1\Task5.csproj", "{6825651D-0DB5-47FB-A1A7-50CB22557A03}"
EndProject
Project("{9A19103F-16F7-4668-BE54-9A1E7A4F7556}") = "Task6", "Task6\Task6.csproj", "{DC07C651-539C-44B0-83E7-3DD667E50B6B}"
EndProject
Project("{9A19103F-16F7-4668-BE54-9A1E7A4F7556}") = "Task7.1", "Task7.1\Task7.1.csproj", "{584617BB-E9C0-4C97-98EA-C4B5D8540CDC}"
EndProject
Project("{9A19103F-16F7-4668-BE54-9A1E7A4F7556}") = "Task8", "Task8\Task8.csproj", "{60C4826A-BAA2-4744-8199-2DD97D712D34}"
EndProject
Project("{9A19103F-16F7-4668-BE54-9A1E7A4F7556}") = "Task9", "Task9\Task9.csproj", "{52BB6DFA-27AC-4820-9074-99C9E551028A}"
EndProject
Project("{9A19103F-16F7-4668-BE54-9A1E7A4F7556}") = "Task10", "Task10\Task10.csproj", "{0A00F740-0F8D-4FA7-8B58-C7D0D70A1D83}"
EndProject
Project("{9A19103F-16F7-4668-BE54-9A1E7A4F7556}") = "Task12", "Task12\Task12.csproj", "{C4A12307-9921-4CA7-92DA-9A5727CC5CDD}"
EndProject
Project("{FAE04EC0-301F-11D3-BF4B-00C04F79EFBC}") = "Task11", "Task11\Task11.csproj", "{28BD5C56-8699-4BEA-82CD-5BBC545C6EE2}"
EndProject
Project("{FAE04EC0-301F-11D3-BF4B-00C04F79EFBC}") = "Task13", "Task13\Task13.csproj", "{4187A508-3883-4543-A3D9-E1EB0607F295}"
EndProject
Project("{FAE04EC0-301F-11D3-BF4B-00C04F79EFBC}") = "Task14", "Task14\Task14.csproj", "{DFB1932F-8B09-4D2C-89CD-52B46511D88E}"
EndProject
Global
	GlobalSection(SolutionConfigurationPlatforms) = preSolution
		Debug|Any CPU = Debug|Any CPU
		Release|Any CPU = Release|Any CPU
	EndGlobalSection
	GlobalSection(ProjectConfigurationPlatforms) = postSolution
		{79AB5C3B-0EDB-4283-93CD-D596EF5114C7}.Debug|Any CPU.ActiveCfg = Debug|Any CPU
		{79AB5C3B-0EDB-4283-93CD-D596EF5114C7}.Debug|Any CPU.Build.0 = Debug|Any CPU
		{79AB5C3B-0EDB-4283-93CD-D596EF5114C7}.Release|Any CPU.ActiveCfg = Release|Any CPU
		{79AB5C3B-0EDB-4283-93CD-D596EF5114C7}.Release|Any CPU.Build.0 = Release|Any CPU
		{020A87A3-E59A-4F17-87AD-F0082633F9FD}.Debug|Any CPU.ActiveCfg = Debug|Any CPU
		{020A87A3-E59A-4F17-87AD-F0082633F9FD}.Debug|Any CPU.Build.0 = Debug|Any CPU
		{020A87A3-E59A-4F17-87AD-F0082633F9FD}.Release|Any CPU.ActiveCfg = Release|Any CPU
		{020A87A3-E59A-4F17-87AD-F0082633F9FD}.Release|Any CPU.Build.0 = Release|Any CPU
		{BFAAC735-6793-4605-8669-2FFBA960C818}.Debug|Any CPU.ActiveCfg = Debug|Any CPU
		{BFAAC735-6793-4605-8669-2FFBA960C818}.Debug|Any CPU.Build.0 = Debug|Any CPU
		{BFAAC735-6793-4605-8669-2FFBA960C818}.Release|Any CPU.ActiveCfg = Release|Any CPU
		{BFAAC735-6793-4605-8669-2FFBA960C818}.Release|Any CPU.Build.0 = Release|Any CPU
		{6825651D-0DB5-47FB-A1A7-50CB22557A03}.Debug|Any CPU.ActiveCfg = Debug|Any CPU
		{6825651D-0DB5-47FB-A1A7-50CB22557A03}.Debug|Any CPU.Build.0 = Debug|Any CPU
		{6825651D-0DB5-47FB-A1A7-50CB22557A03}.Release|Any CPU.ActiveCfg = Release|Any CPU
		{6825651D-0DB5-47FB-A1A7-50CB22557A03}.Release|Any CPU.Build.0 = Release|Any CPU
		{DC07C651-539C-44B0-83E7-3DD667E50B6B}.Debug|Any CPU.ActiveCfg = Debug|Any CPU
		{DC07C651-539C-44B0-83E7-3DD667E50B6B}.Debug|Any CPU.Build.0 = Debug|Any CPU
		{DC07C651-539C-44B0-83E7-3DD667E50B6B}.Release|Any CPU.ActiveCfg = Release|Any CPU
		{DC07C651-539C-44B0-83E7-3DD667E50B6B}.Release|Any CPU.Build.0 = Release|Any CPU
		{584617BB-E9C0-4C97-98EA-C4B5D8540CDC}.Debug|Any CPU.ActiveCfg = Debug|Any CPU
		{584617BB-E9C0-4C97-98EA-C4B5D8540CDC}.Debug|Any CPU.Build.0 = Debug|Any CPU
		{584617BB-E9C0-4C97-98EA-C4B5D8540CDC}.Release|Any CPU.ActiveCfg = Release|Any CPU
		{584617BB-E9C0-4C97-98EA-C4B5D8540CDC}.Release|Any CPU.Build.0 = Release|Any CPU
		{60C4826A-BAA2-4744-8199-2DD97D712D34}.Debug|Any CPU.ActiveCfg = Debug|Any CPU
		{60C4826A-BAA2-4744-8199-2DD97D712D34}.Debug|Any CPU.Build.0 = Debug|Any CPU
		{60C4826A-BAA2-4744-8199-2DD97D712D34}.Release|Any CPU.ActiveCfg = Release|Any CPU
		{60C4826A-BAA2-4744-8199-2DD97D712D34}.Release|Any CPU.Build.0 = Release|Any CPU
		{52BB6DFA-27AC-4820-9074-99C9E551028A}.Debug|Any CPU.ActiveCfg = Debug|Any CPU
		{52BB6DFA-27AC-4820-9074-99C9E551028A}.Debug|Any CPU.Build.0 = Debug|Any CPU
		{52BB6DFA-27AC-4820-9074-99C9E551028A}.Release|Any CPU.ActiveCfg = Release|Any CPU
		{52BB6DFA-27AC-4820-9074-99C9E551028A}.Release|Any CPU.Build.0 = Release|Any CPU
		{0A00F740-0F8D-4FA7-8B58-C7D0D70A1D83}.Debug|Any CPU.ActiveCfg = Debug|Any CPU
		{0A00F740-0F8D-4FA7-8B58-C7D0D70A1D83}.Debug|Any CPU.Build.0 = Debug|Any CPU
		{0A00F740-0F8D-4FA7-8B58-C7D0D70A1D83}.Release|Any CPU.ActiveCfg = Release|Any CPU
		{0A00F740-0F8D-4FA7-8B58-C7D0D70A1D83}.Release|Any CPU.Build.0 = Release|Any CPU
		{C4A12307-9921-4CA7-92DA-9A5727CC5CDD}.Debug|Any CPU.ActiveCfg = Debug|Any CPU
		{C4A12307-9921-4CA7-92DA-9A5727CC5CDD}.Debug|Any CPU.Build.0 = Debug|Any CPU
		{C4A12307-9921-4CA7-92DA-9A5727CC5CDD}.Release|Any CPU.ActiveCfg = Release|Any CPU
		{C4A12307-9921-4CA7-92DA-9A5727CC5CDD}.Release|Any CPU.Build.0 = Release|Any CPU
		{28BD5C56-8699-4BEA-82CD-5BBC545C6EE2}.Debug|Any CPU.ActiveCfg = Debug|Any CPU
		{28BD5C56-8699-4BEA-82CD-5BBC545C6EE2}.Debug|Any CPU.Build.0 = Debug|Any CPU
		{28BD5C56-8699-4BEA-82CD-5BBC545C6EE2}.Release|Any CPU.ActiveCfg = Release|Any CPU
		{28BD5C56-8699-4BEA-82CD-5BBC545C6EE2}.Release|Any CPU.Build.0 = Release|Any CPU
		{4187A508-3883-4543-A3D9-E1EB0607F295}.Debug|Any CPU.ActiveCfg = Debug|Any CPU
		{4187A508-3883-4543-A3D9-E1EB0607F295}.Debug|Any CPU.Build.0 = Debug|Any CPU
		{4187A508-3883-4543-A3D9-E1EB0607F295}.Release|Any CPU.ActiveCfg = Release|Any CPU
		{4187A508-3883-4543-A3D9-E1EB0607F295}.Release|Any CPU.Build.0 = Release|Any CPU
		{DFB1932F-8B09-4D2C-89CD-52B46511D88E}.Debug|Any CPU.ActiveCfg = Debug|Any CPU
		{DFB1932F-8B09-4D2C-89CD-52B46511D88E}.Debug|Any CPU.Build.0 = Debug|Any CPU
		{DFB1932F-8B09-4D2C-89CD-52B46511D88E}.Release|Any CPU.ActiveCfg = Release|Any CPU
		{DFB1932F-8B09-4D2C-89CD-52B46511D88E}.Release|Any CPU.Build.0 = Release|Any CPU
	EndGlobalSection
	GlobalSection(SolutionProperties) = preSolution
		HideSolutionNode = FALSE
	EndGlobalSection
	GlobalSection(ExtensibilityGlobals) = postSolution
		SolutionGuid = {DDFE7055-E104-4F00-98F0-753285A541C5}
	EndGlobalSection
EndGlobal
