
Microsoft Visual Studio Solution File, Format Version 12.00
# Visual Studio Version 17
VisualStudioVersion = 17.11.35327.3
MinimumVisualStudioVersion = 10.0.40219.1
Project("{FAE04EC0-301F-11D3-BF4B-00C04F79EFBC}") = "Task6.1", "Task6.1\Task6.1.csproj", "{DE1FBACC-7C11-473D-A360-76AACD78894A}"
EndProject
Global
	GlobalSection(SolutionConfigurationPlatforms) = preSolution
		Debug|Any CPU = Debug|Any CPU
		Release|Any CPU = Release|Any CPU
	EndGlobalSection
	GlobalSection(ProjectConfigurationPlatforms) = postSolution
		{DE1FBACC-7C11-473D-A360-76AACD78894A}.Debug|Any CPU.ActiveCfg = Debug|Any CPU
		{DE1FBACC-7C11-473D-A360-76AACD78894A}.Debug|Any CPU.Build.0 = Debug|Any CPU
		{DE1FBACC-7C11-473D-A360-76AACD78894A}.Release|Any CPU.ActiveCfg = Release|Any CPU
		{DE1FBACC-7C11-473D-A360-76AACD78894A}.Release|Any CPU.Build.0 = Release|Any CPU
	EndGlobalSection
	GlobalSection(SolutionProperties) = preSolution
		HideSolutionNode = FALSE
	EndGlobalSection
	GlobalSection(ExtensibilityGlobals) = postSolution
		SolutionGuid = {4E1D1B22-ED70-430C-8DD5-9D3751F40520}
	EndGlobalSection
EndGlobal
